// !$*UTF8*$!
{
	archiveVersion = 1;
	classes = {
	};
	objectVersion = 46;
	objects = {

/* Begin PBXBuildFile section */
		A6316D7D19B21C43009B757D /* ScreenTHREEDottedCircle.m in Sources */ = {isa = PBXBuildFile; fileRef = A6316D7C19B21C43009B757D /* ScreenTHREEDottedCircle.m */; };
		A634C0D21992407500AD0FEF /* Foundation.framework in Frameworks */ = {isa = PBXBuildFile; fileRef = A634C0D11992407500AD0FEF /* Foundation.framework */; };
		A634C0D41992407500AD0FEF /* CoreGraphics.framework in Frameworks */ = {isa = PBXBuildFile; fileRef = A634C0D31992407500AD0FEF /* CoreGraphics.framework */; };
		A634C0D61992407500AD0FEF /* UIKit.framework in Frameworks */ = {isa = PBXBuildFile; fileRef = A634C0D51992407500AD0FEF /* UIKit.framework */; };
		A634C0DC1992407500AD0FEF /* InfoPlist.strings in Resources */ = {isa = PBXBuildFile; fileRef = A634C0DA1992407500AD0FEF /* InfoPlist.strings */; };
		A634C0DE1992407500AD0FEF /* main.m in Sources */ = {isa = PBXBuildFile; fileRef = A634C0DD1992407500AD0FEF /* main.m */; };
		A634C0E21992407500AD0FEF /* AppDelegate.m in Sources */ = {isa = PBXBuildFile; fileRef = A634C0E11992407500AD0FEF /* AppDelegate.m */; };
		A634C0E51992407500AD0FEF /* Main.storyboard in Resources */ = {isa = PBXBuildFile; fileRef = A634C0E31992407500AD0FEF /* Main.storyboard */; };
		A634C0E81992407500AD0FEF /* ViewController.m in Sources */ = {isa = PBXBuildFile; fileRef = A634C0E71992407500AD0FEF /* ViewController.m */; };
		A634C0EA1992407500AD0FEF /* Images.xcassets in Resources */ = {isa = PBXBuildFile; fileRef = A634C0E91992407500AD0FEF /* Images.xcassets */; };
		A634C0F11992407500AD0FEF /* XCTest.framework in Frameworks */ = {isa = PBXBuildFile; fileRef = A634C0F01992407500AD0FEF /* XCTest.framework */; };
		A634C0F21992407500AD0FEF /* Foundation.framework in Frameworks */ = {isa = PBXBuildFile; fileRef = A634C0D11992407500AD0FEF /* Foundation.framework */; };
		A634C0F31992407500AD0FEF /* UIKit.framework in Frameworks */ = {isa = PBXBuildFile; fileRef = A634C0D51992407500AD0FEF /* UIKit.framework */; };
		A634C0FB1992407500AD0FEF /* InfoPlist.strings in Resources */ = {isa = PBXBuildFile; fileRef = A634C0F91992407500AD0FEF /* InfoPlist.strings */; };
		A634C0FD1992407500AD0FEF /* MyrellaTests.m in Sources */ = {isa = PBXBuildFile; fileRef = A634C0FC1992407500AD0FEF /* MyrellaTests.m */; };
		A64939BC19AE25C2000A5604 /* WhirlyGlobeMaplyComponent.framework in Frameworks */ = {isa = PBXBuildFile; fileRef = A64939BB19AE25C2000A5604 /* WhirlyGlobeMaplyComponent.framework */; };
		A6493A1319AF7540000A5604 /* ForecastKit.m in Sources */ = {isa = PBXBuildFile; fileRef = A6493A1219AF7540000A5604 /* ForecastKit.m */; };
		A6493A1719AFB108000A5604 /* ScreenONETempCircle.m in Sources */ = {isa = PBXBuildFile; fileRef = A6493A1619AFB108000A5604 /* ScreenONETempCircle.m */; };
		A6493A1A19B09E25000A5604 /* ScreenONEGraph.m in Sources */ = {isa = PBXBuildFile; fileRef = A6493A1919B09E25000A5604 /* ScreenONEGraph.m */; };
		A6493A1D19B1DF40000A5604 /* ScreenTHREESignal.m in Sources */ = {isa = PBXBuildFile; fileRef = A6493A1C19B1DF40000A5604 /* ScreenTHREESignal.m */; };
		A6AA415219B9E62300EEF9B2 /* GraphView.m in Sources */ = {isa = PBXBuildFile; fileRef = A6AA415119B9E62300EEF9B2 /* GraphView.m */; };
		A6B34EE9199A60D8009AF950 /* PageONEViewController.m in Sources */ = {isa = PBXBuildFile; fileRef = A6B34EE8199A60D8009AF950 /* PageONEViewController.m */; };
		A6B34EEC199A60E7009AF950 /* PageTWOViewController.m in Sources */ = {isa = PBXBuildFile; fileRef = A6B34EEB199A60E7009AF950 /* PageTWOViewController.m */; };
		A6B34EEF199A60F4009AF950 /* SensorTableView.m in Sources */ = {isa = PBXBuildFile; fileRef = A6B34EEE199A60F4009AF950 /* SensorTableView.m */; };
		A6B34EF2199A6102009AF950 /* PageTHREEViewController.m in Sources */ = {isa = PBXBuildFile; fileRef = A6B34EF1199A6102009AF950 /* PageTHREEViewController.m */; };
		A6B34F79199B78A6009AF950 /* CoreText.framework in Frameworks */ = {isa = PBXBuildFile; fileRef = A6B34F78199B78A6009AF950 /* CoreText.framework */; };
		A6B34F7B199B78B2009AF950 /* CoreImage.framework in Frameworks */ = {isa = PBXBuildFile; fileRef = A6B34F7A199B78B2009AF950 /* CoreImage.framework */; };
		A6B34F7D199B78C0009AF950 /* libxml2.dylib in Frameworks */ = {isa = PBXBuildFile; fileRef = A6B34F7C199B78C0009AF950 /* libxml2.dylib */; };
		A6B34F7F199B78C9009AF950 /* QuartzCore.framework in Frameworks */ = {isa = PBXBuildFile; fileRef = A6B34F7E199B78C9009AF950 /* QuartzCore.framework */; };
		A6B34F83199B841E009AF950 /* settings-button.svg in Resources */ = {isa = PBXBuildFile; fileRef = A6B34F82199B841E009AF950 /* settings-button.svg */; };
		A6B3501C199BDABA009AF950 /* libc++.dylib in Frameworks */ = {isa = PBXBuildFile; fileRef = A6B3501B199BDABA009AF950 /* libc++.dylib */; };
		A6B3501E199BDAC3009AF950 /* CoreLocation.framework in Frameworks */ = {isa = PBXBuildFile; fileRef = A6B3501D199BDAC3009AF950 /* CoreLocation.framework */; };
		A6B35020199BDAD1009AF950 /* libz.dylib in Frameworks */ = {isa = PBXBuildFile; fileRef = A6B3501F199BDAD0009AF950 /* libz.dylib */; };
		A6B35022199BDAE8009AF950 /* libsqlite3.dylib in Frameworks */ = {isa = PBXBuildFile; fileRef = A6B35021199BDAE8009AF950 /* libsqlite3.dylib */; };
		A6B350A7199CA820009AF950 /* libSVGKit-iOS.1.2.0.a in Frameworks */ = {isa = PBXBuildFile; fileRef = A6B35026199CA820009AF950 /* libSVGKit-iOS.1.2.0.a */; };
		A6E02203199CDE9400AB1762 /* WeatherShader.m in Sources */ = {isa = PBXBuildFile; fileRef = A6E02201199CDE9400AB1762 /* WeatherShader.m */; };
		A6E0243A19A2285700AB1762 /* BLEDevice.m in Sources */ = {isa = PBXBuildFile; fileRef = A6E0243319A2285700AB1762 /* BLEDevice.m */; };
		A6E0243B19A2285700AB1762 /* BLEUtility.m in Sources */ = {isa = PBXBuildFile; fileRef = A6E0243519A2285700AB1762 /* BLEUtility.m */; };
		A6E0243C19A2285700AB1762 /* deviceCellTemplate.m in Sources */ = {isa = PBXBuildFile; fileRef = A6E0243719A2285700AB1762 /* deviceCellTemplate.m */; };
		A6E0243D19A2285700AB1762 /* Sensors.m in Sources */ = {isa = PBXBuildFile; fileRef = A6E0243919A2285700AB1762 /* Sensors.m */; };
		A6E0244119A2398C00AB1762 /* SensorTag.m in Sources */ = {isa = PBXBuildFile; fileRef = A6E0244019A2398C00AB1762 /* SensorTag.m */; };
/* End PBXBuildFile section */

/* Begin PBXContainerItemProxy section */
		A634C0F41992407500AD0FEF /* PBXContainerItemProxy */ = {
			isa = PBXContainerItemProxy;
			containerPortal = A634C0C61992407500AD0FEF /* Project object */;
			proxyType = 1;
			remoteGlobalIDString = A634C0CD1992407500AD0FEF;
			remoteInfo = Myrella;
		};
/* End PBXContainerItemProxy section */

/* Begin PBXFileReference section */
		A6316D7B19B21C43009B757D /* ScreenTHREEDottedCircle.h */ = {isa = PBXFileReference; fileEncoding = 4; lastKnownFileType = sourcecode.c.h; path = ScreenTHREEDottedCircle.h; sourceTree = "<group>"; };
		A6316D7C19B21C43009B757D /* ScreenTHREEDottedCircle.m */ = {isa = PBXFileReference; fileEncoding = 4; lastKnownFileType = sourcecode.c.objc; path = ScreenTHREEDottedCircle.m; sourceTree = "<group>"; };
		A634C0CE1992407500AD0FEF /* Myrella.app */ = {isa = PBXFileReference; explicitFileType = wrapper.application; includeInIndex = 0; path = Myrella.app; sourceTree = BUILT_PRODUCTS_DIR; };
		A634C0D11992407500AD0FEF /* Foundation.framework */ = {isa = PBXFileReference; lastKnownFileType = wrapper.framework; name = Foundation.framework; path = System/Library/Frameworks/Foundation.framework; sourceTree = SDKROOT; };
		A634C0D31992407500AD0FEF /* CoreGraphics.framework */ = {isa = PBXFileReference; lastKnownFileType = wrapper.framework; name = CoreGraphics.framework; path = System/Library/Frameworks/CoreGraphics.framework; sourceTree = SDKROOT; };
		A634C0D51992407500AD0FEF /* UIKit.framework */ = {isa = PBXFileReference; lastKnownFileType = wrapper.framework; name = UIKit.framework; path = System/Library/Frameworks/UIKit.framework; sourceTree = SDKROOT; };
		A634C0D91992407500AD0FEF /* Myrella-Info.plist */ = {isa = PBXFileReference; lastKnownFileType = text.plist.xml; path = "Myrella-Info.plist"; sourceTree = "<group>"; };
		A634C0DB1992407500AD0FEF /* en */ = {isa = PBXFileReference; lastKnownFileType = text.plist.strings; name = en; path = en.lproj/InfoPlist.strings; sourceTree = "<group>"; };
		A634C0DD1992407500AD0FEF /* main.m */ = {isa = PBXFileReference; lastKnownFileType = sourcecode.c.objc; path = main.m; sourceTree = "<group>"; };
		A634C0DF1992407500AD0FEF /* Myrella-Prefix.pch */ = {isa = PBXFileReference; lastKnownFileType = sourcecode.c.h; path = "Myrella-Prefix.pch"; sourceTree = "<group>"; };
		A634C0E01992407500AD0FEF /* AppDelegate.h */ = {isa = PBXFileReference; lastKnownFileType = sourcecode.c.h; path = AppDelegate.h; sourceTree = "<group>"; };
		A634C0E11992407500AD0FEF /* AppDelegate.m */ = {isa = PBXFileReference; lastKnownFileType = sourcecode.c.objc; path = AppDelegate.m; sourceTree = "<group>"; };
		A634C0E41992407500AD0FEF /* Base */ = {isa = PBXFileReference; lastKnownFileType = file.storyboard; name = Base; path = Base.lproj/Main.storyboard; sourceTree = "<group>"; };
		A634C0E61992407500AD0FEF /* ViewController.h */ = {isa = PBXFileReference; lastKnownFileType = sourcecode.c.h; path = ViewController.h; sourceTree = "<group>"; };
		A634C0E71992407500AD0FEF /* ViewController.m */ = {isa = PBXFileReference; lastKnownFileType = sourcecode.c.objc; path = ViewController.m; sourceTree = "<group>"; };
		A634C0E91992407500AD0FEF /* Images.xcassets */ = {isa = PBXFileReference; lastKnownFileType = folder.assetcatalog; path = Images.xcassets; sourceTree = "<group>"; };
		A634C0EF1992407500AD0FEF /* MyrellaTests.xctest */ = {isa = PBXFileReference; explicitFileType = wrapper.cfbundle; includeInIndex = 0; path = MyrellaTests.xctest; sourceTree = BUILT_PRODUCTS_DIR; };
		A634C0F01992407500AD0FEF /* XCTest.framework */ = {isa = PBXFileReference; lastKnownFileType = wrapper.framework; name = XCTest.framework; path = Library/Frameworks/XCTest.framework; sourceTree = DEVELOPER_DIR; };
		A634C0F81992407500AD0FEF /* MyrellaTests-Info.plist */ = {isa = PBXFileReference; lastKnownFileType = text.plist.xml; path = "MyrellaTests-Info.plist"; sourceTree = "<group>"; };
		A634C0FA1992407500AD0FEF /* en */ = {isa = PBXFileReference; lastKnownFileType = text.plist.strings; name = en; path = en.lproj/InfoPlist.strings; sourceTree = "<group>"; };
		A634C0FC1992407500AD0FEF /* MyrellaTests.m */ = {isa = PBXFileReference; lastKnownFileType = sourcecode.c.objc; path = MyrellaTests.m; sourceTree = "<group>"; };
		A64939BB19AE25C2000A5604 /* WhirlyGlobeMaplyComponent.framework */ = {isa = PBXFileReference; lastKnownFileType = wrapper.framework; name = WhirlyGlobeMaplyComponent.framework; path = libs/WhirlyGlobeMaplyComponent.framework; sourceTree = "<group>"; };
		A6493A1119AF7540000A5604 /* ForecastKit.h */ = {isa = PBXFileReference; fileEncoding = 4; lastKnownFileType = sourcecode.c.h; path = ForecastKit.h; sourceTree = "<group>"; };
		A6493A1219AF7540000A5604 /* ForecastKit.m */ = {isa = PBXFileReference; fileEncoding = 4; lastKnownFileType = sourcecode.c.objc; path = ForecastKit.m; sourceTree = "<group>"; };
		A6493A1519AFB108000A5604 /* ScreenONETempCircle.h */ = {isa = PBXFileReference; fileEncoding = 4; lastKnownFileType = sourcecode.c.h; path = ScreenONETempCircle.h; sourceTree = "<group>"; };
		A6493A1619AFB108000A5604 /* ScreenONETempCircle.m */ = {isa = PBXFileReference; fileEncoding = 4; lastKnownFileType = sourcecode.c.objc; path = ScreenONETempCircle.m; sourceTree = "<group>"; };
		A6493A1819B09E25000A5604 /* ScreenONEGraph.h */ = {isa = PBXFileReference; fileEncoding = 4; lastKnownFileType = sourcecode.c.h; path = ScreenONEGraph.h; sourceTree = "<group>"; };
		A6493A1919B09E25000A5604 /* ScreenONEGraph.m */ = {isa = PBXFileReference; fileEncoding = 4; lastKnownFileType = sourcecode.c.objc; path = ScreenONEGraph.m; sourceTree = "<group>"; };
		A6493A1B19B1DF40000A5604 /* ScreenTHREESignal.h */ = {isa = PBXFileReference; fileEncoding = 4; lastKnownFileType = sourcecode.c.h; path = ScreenTHREESignal.h; sourceTree = "<group>"; };
		A6493A1C19B1DF40000A5604 /* ScreenTHREESignal.m */ = {isa = PBXFileReference; fileEncoding = 4; lastKnownFileType = sourcecode.c.objc; path = ScreenTHREESignal.m; sourceTree = "<group>"; };
		A6AA415019B9E62300EEF9B2 /* GraphView.h */ = {isa = PBXFileReference; fileEncoding = 4; lastKnownFileType = sourcecode.c.h; path = GraphView.h; sourceTree = "<group>"; };
		A6AA415119B9E62300EEF9B2 /* GraphView.m */ = {isa = PBXFileReference; fileEncoding = 4; lastKnownFileType = sourcecode.c.objc; path = GraphView.m; sourceTree = "<group>"; };
		A6B34EE7199A60D8009AF950 /* PageONEViewController.h */ = {isa = PBXFileReference; fileEncoding = 4; lastKnownFileType = sourcecode.c.h; path = PageONEViewController.h; sourceTree = "<group>"; };
		A6B34EE8199A60D8009AF950 /* PageONEViewController.m */ = {isa = PBXFileReference; fileEncoding = 4; lastKnownFileType = sourcecode.c.objc; path = PageONEViewController.m; sourceTree = "<group>"; };
		A6B34EEA199A60E7009AF950 /* PageTWOViewController.h */ = {isa = PBXFileReference; fileEncoding = 4; lastKnownFileType = sourcecode.c.h; path = PageTWOViewController.h; sourceTree = "<group>"; };
		A6B34EEB199A60E7009AF950 /* PageTWOViewController.m */ = {isa = PBXFileReference; fileEncoding = 4; lastKnownFileType = sourcecode.c.objc; path = PageTWOViewController.m; sourceTree = "<group>"; };
		A6B34EED199A60F4009AF950 /* SensorTableView.h */ = {isa = PBXFileReference; fileEncoding = 4; lastKnownFileType = sourcecode.c.h; path = SensorTableView.h; sourceTree = "<group>"; };
		A6B34EEE199A60F4009AF950 /* SensorTableView.m */ = {isa = PBXFileReference; fileEncoding = 4; lastKnownFileType = sourcecode.c.objc; path = SensorTableView.m; sourceTree = "<group>"; };
		A6B34EF0199A6102009AF950 /* PageTHREEViewController.h */ = {isa = PBXFileReference; fileEncoding = 4; lastKnownFileType = sourcecode.c.h; path = PageTHREEViewController.h; sourceTree = "<group>"; };
		A6B34EF1199A6102009AF950 /* PageTHREEViewController.m */ = {isa = PBXFileReference; fileEncoding = 4; lastKnownFileType = sourcecode.c.objc; path = PageTHREEViewController.m; sourceTree = "<group>"; };
		A6B34F78199B78A6009AF950 /* CoreText.framework */ = {isa = PBXFileReference; lastKnownFileType = wrapper.framework; name = CoreText.framework; path = System/Library/Frameworks/CoreText.framework; sourceTree = SDKROOT; };
		A6B34F7A199B78B2009AF950 /* CoreImage.framework */ = {isa = PBXFileReference; lastKnownFileType = wrapper.framework; name = CoreImage.framework; path = System/Library/Frameworks/CoreImage.framework; sourceTree = SDKROOT; };
		A6B34F7C199B78C0009AF950 /* libxml2.dylib */ = {isa = PBXFileReference; lastKnownFileType = "compiled.mach-o.dylib"; name = libxml2.dylib; path = usr/lib/libxml2.dylib; sourceTree = SDKROOT; };
		A6B34F7E199B78C9009AF950 /* QuartzCore.framework */ = {isa = PBXFileReference; lastKnownFileType = wrapper.framework; name = QuartzCore.framework; path = System/Library/Frameworks/QuartzCore.framework; sourceTree = SDKROOT; };
		A6B34F82199B841E009AF950 /* settings-button.svg */ = {isa = PBXFileReference; fileEncoding = 4; lastKnownFileType = text.xml; path = "settings-button.svg"; sourceTree = "<group>"; };
		A6B3501B199BDABA009AF950 /* libc++.dylib */ = {isa = PBXFileReference; lastKnownFileType = "compiled.mach-o.dylib"; name = "libc++.dylib"; path = "usr/lib/libc++.dylib"; sourceTree = SDKROOT; };
		A6B3501D199BDAC3009AF950 /* CoreLocation.framework */ = {isa = PBXFileReference; lastKnownFileType = wrapper.framework; name = CoreLocation.framework; path = System/Library/Frameworks/CoreLocation.framework; sourceTree = SDKROOT; };
		A6B3501F199BDAD0009AF950 /* libz.dylib */ = {isa = PBXFileReference; lastKnownFileType = "compiled.mach-o.dylib"; name = libz.dylib; path = usr/lib/libz.dylib; sourceTree = SDKROOT; };
		A6B35021199BDAE8009AF950 /* libsqlite3.dylib */ = {isa = PBXFileReference; lastKnownFileType = "compiled.mach-o.dylib"; name = libsqlite3.dylib; path = usr/lib/libsqlite3.dylib; sourceTree = SDKROOT; };
		A6B35026199CA820009AF950 /* libSVGKit-iOS.1.2.0.a */ = {isa = PBXFileReference; lastKnownFileType = archive.ar; name = "libSVGKit-iOS.1.2.0.a"; path = "libs/libSVGKit-iOS.1.2.0.a"; sourceTree = "<group>"; };
		A6B3502A199CA820009AF950 /* AppleSucksDOMImplementation.h */ = {isa = PBXFileReference; fileEncoding = 4; lastKnownFileType = sourcecode.c.h; path = AppleSucksDOMImplementation.h; sourceTree = "<group>"; };
		A6B3502B199CA820009AF950 /* Attr.h */ = {isa = PBXFileReference; fileEncoding = 4; lastKnownFileType = sourcecode.c.h; path = Attr.h; sourceTree = "<group>"; };
		A6B3502C199CA820009AF950 /* BaseClassForAllSVGBasicShapes.h */ = {isa = PBXFileReference; fileEncoding = 4; lastKnownFileType = sourcecode.c.h; path = BaseClassForAllSVGBasicShapes.h; sourceTree = "<group>"; };
		A6B3502D199CA820009AF950 /* BaseClassForAllSVGBasicShapes_ForSubclasses.h */ = {isa = PBXFileReference; fileEncoding = 4; lastKnownFileType = sourcecode.c.h; path = BaseClassForAllSVGBasicShapes_ForSubclasses.h; sourceTree = "<group>"; };
		A6B3502E199CA820009AF950 /* CALayer+RecursiveClone.h */ = {isa = PBXFileReference; fileEncoding = 4; lastKnownFileType = sourcecode.c.h; path = "CALayer+RecursiveClone.h"; sourceTree = "<group>"; };
		A6B3502F199CA820009AF950 /* CALayerExporter.h */ = {isa = PBXFileReference; fileEncoding = 4; lastKnownFileType = sourcecode.c.h; path = CALayerExporter.h; sourceTree = "<group>"; };
		A6B35030199CA820009AF950 /* CALayerWithChildHitTest.h */ = {isa = PBXFileReference; fileEncoding = 4; lastKnownFileType = sourcecode.c.h; path = CALayerWithChildHitTest.h; sourceTree = "<group>"; };
		A6B35031199CA820009AF950 /* CAShapeLayerWithHitTest.h */ = {isa = PBXFileReference; fileEncoding = 4; lastKnownFileType = sourcecode.c.h; path = CAShapeLayerWithHitTest.h; sourceTree = "<group>"; };
		A6B35032199CA820009AF950 /* CDATASection.h */ = {isa = PBXFileReference; fileEncoding = 4; lastKnownFileType = sourcecode.c.h; path = CDATASection.h; sourceTree = "<group>"; };
		A6B35033199CA820009AF950 /* CGPathAdditions.h */ = {isa = PBXFileReference; fileEncoding = 4; lastKnownFileType = sourcecode.c.h; path = CGPathAdditions.h; sourceTree = "<group>"; };
		A6B35034199CA820009AF950 /* CharacterData.h */ = {isa = PBXFileReference; fileEncoding = 4; lastKnownFileType = sourcecode.c.h; path = CharacterData.h; sourceTree = "<group>"; };
		A6B35035199CA820009AF950 /* Comment.h */ = {isa = PBXFileReference; fileEncoding = 4; lastKnownFileType = sourcecode.c.h; path = Comment.h; sourceTree = "<group>"; };
		A6B35036199CA820009AF950 /* ContextFilterLogFormatter.h */ = {isa = PBXFileReference; fileEncoding = 4; lastKnownFileType = sourcecode.c.h; path = ContextFilterLogFormatter.h; sourceTree = "<group>"; };
		A6B35037199CA820009AF950 /* ConverterSVGToCALayer.h */ = {isa = PBXFileReference; fileEncoding = 4; lastKnownFileType = sourcecode.c.h; path = ConverterSVGToCALayer.h; sourceTree = "<group>"; };
		A6B35038199CA820009AF950 /* CSSPrimitiveValue.h */ = {isa = PBXFileReference; fileEncoding = 4; lastKnownFileType = sourcecode.c.h; path = CSSPrimitiveValue.h; sourceTree = "<group>"; };
		A6B35039199CA820009AF950 /* CSSRule.h */ = {isa = PBXFileReference; fileEncoding = 4; lastKnownFileType = sourcecode.c.h; path = CSSRule.h; sourceTree = "<group>"; };
		A6B3503A199CA820009AF950 /* CSSRuleList+Mutable.h */ = {isa = PBXFileReference; fileEncoding = 4; lastKnownFileType = sourcecode.c.h; path = "CSSRuleList+Mutable.h"; sourceTree = "<group>"; };
		A6B3503B199CA820009AF950 /* CSSRuleList.h */ = {isa = PBXFileReference; fileEncoding = 4; lastKnownFileType = sourcecode.c.h; path = CSSRuleList.h; sourceTree = "<group>"; };
		A6B3503C199CA820009AF950 /* CSSStyleDeclaration.h */ = {isa = PBXFileReference; fileEncoding = 4; lastKnownFileType = sourcecode.c.h; path = CSSStyleDeclaration.h; sourceTree = "<group>"; };
		A6B3503D199CA820009AF950 /* CSSStyleRule.h */ = {isa = PBXFileReference; fileEncoding = 4; lastKnownFileType = sourcecode.c.h; path = CSSStyleRule.h; sourceTree = "<group>"; };
		A6B3503E199CA820009AF950 /* CSSStyleSheet.h */ = {isa = PBXFileReference; fileEncoding = 4; lastKnownFileType = sourcecode.c.h; path = CSSStyleSheet.h; sourceTree = "<group>"; };
		A6B3503F199CA820009AF950 /* CSSValue.h */ = {isa = PBXFileReference; fileEncoding = 4; lastKnownFileType = sourcecode.c.h; path = CSSValue.h; sourceTree = "<group>"; };
		A6B35040199CA820009AF950 /* CSSValue_ForSubclasses.h */ = {isa = PBXFileReference; fileEncoding = 4; lastKnownFileType = sourcecode.c.h; path = CSSValue_ForSubclasses.h; sourceTree = "<group>"; };
		A6B35041199CA820009AF950 /* CSSValueList.h */ = {isa = PBXFileReference; fileEncoding = 4; lastKnownFileType = sourcecode.c.h; path = CSSValueList.h; sourceTree = "<group>"; };
		A6B35042199CA820009AF950 /* DDAbstractDatabaseLogger.h */ = {isa = PBXFileReference; fileEncoding = 4; lastKnownFileType = sourcecode.c.h; path = DDAbstractDatabaseLogger.h; sourceTree = "<group>"; };
		A6B35043199CA820009AF950 /* DDASLLogger.h */ = {isa = PBXFileReference; fileEncoding = 4; lastKnownFileType = sourcecode.c.h; path = DDASLLogger.h; sourceTree = "<group>"; };
		A6B35044199CA820009AF950 /* DDFileLogger.h */ = {isa = PBXFileReference; fileEncoding = 4; lastKnownFileType = sourcecode.c.h; path = DDFileLogger.h; sourceTree = "<group>"; };
		A6B35045199CA820009AF950 /* DDLog.h */ = {isa = PBXFileReference; fileEncoding = 4; lastKnownFileType = sourcecode.c.h; path = DDLog.h; sourceTree = "<group>"; };
		A6B35046199CA820009AF950 /* DDTTYLogger.h */ = {isa = PBXFileReference; fileEncoding = 4; lastKnownFileType = sourcecode.c.h; path = DDTTYLogger.h; sourceTree = "<group>"; };
		A6B35047199CA820009AF950 /* DispatchQueueLogFormatter.h */ = {isa = PBXFileReference; fileEncoding = 4; lastKnownFileType = sourcecode.c.h; path = DispatchQueueLogFormatter.h; sourceTree = "<group>"; };
		A6B35048199CA820009AF950 /* Document+Mutable.h */ = {isa = PBXFileReference; fileEncoding = 4; lastKnownFileType = sourcecode.c.h; path = "Document+Mutable.h"; sourceTree = "<group>"; };
		A6B35049199CA820009AF950 /* Document.h */ = {isa = PBXFileReference; fileEncoding = 4; lastKnownFileType = sourcecode.c.h; path = Document.h; sourceTree = "<group>"; };
		A6B3504A199CA820009AF950 /* DocumentCSS.h */ = {isa = PBXFileReference; fileEncoding = 4; lastKnownFileType = sourcecode.c.h; path = DocumentCSS.h; sourceTree = "<group>"; };
		A6B3504B199CA820009AF950 /* DocumentFragment.h */ = {isa = PBXFileReference; fileEncoding = 4; lastKnownFileType = sourcecode.c.h; path = DocumentFragment.h; sourceTree = "<group>"; };
		A6B3504C199CA820009AF950 /* DocumentStyle.h */ = {isa = PBXFileReference; fileEncoding = 4; lastKnownFileType = sourcecode.c.h; path = DocumentStyle.h; sourceTree = "<group>"; };
		A6B3504D199CA820009AF950 /* DocumentType.h */ = {isa = PBXFileReference; fileEncoding = 4; lastKnownFileType = sourcecode.c.h; path = DocumentType.h; sourceTree = "<group>"; };
		A6B3504E199CA820009AF950 /* DOMGlobalSettings.h */ = {isa = PBXFileReference; fileEncoding = 4; lastKnownFileType = sourcecode.c.h; path = DOMGlobalSettings.h; sourceTree = "<group>"; };
		A6B3504F199CA820009AF950 /* DOMHelperUtilities.h */ = {isa = PBXFileReference; fileEncoding = 4; lastKnownFileType = sourcecode.c.h; path = DOMHelperUtilities.h; sourceTree = "<group>"; };
		A6B35050199CA820009AF950 /* Element.h */ = {isa = PBXFileReference; fileEncoding = 4; lastKnownFileType = sourcecode.c.h; path = Element.h; sourceTree = "<group>"; };
		A6B35051199CA820009AF950 /* EntityReference.h */ = {isa = PBXFileReference; fileEncoding = 4; lastKnownFileType = sourcecode.c.h; path = EntityReference.h; sourceTree = "<group>"; };
		A6B35052199CA820009AF950 /* MediaList.h */ = {isa = PBXFileReference; fileEncoding = 4; lastKnownFileType = sourcecode.c.h; path = MediaList.h; sourceTree = "<group>"; };
		A6B35053199CA820009AF950 /* NamedNodeMap.h */ = {isa = PBXFileReference; fileEncoding = 4; lastKnownFileType = sourcecode.c.h; path = NamedNodeMap.h; sourceTree = "<group>"; };
		A6B35054199CA820009AF950 /* NamedNodeMap_Iterable.h */ = {isa = PBXFileReference; fileEncoding = 4; lastKnownFileType = sourcecode.c.h; path = NamedNodeMap_Iterable.h; sourceTree = "<group>"; };
		A6B35055199CA820009AF950 /* Node+Mutable.h */ = {isa = PBXFileReference; fileEncoding = 4; lastKnownFileType = sourcecode.c.h; path = "Node+Mutable.h"; sourceTree = "<group>"; };
		A6B35056199CA820009AF950 /* Node.h */ = {isa = PBXFileReference; fileEncoding = 4; lastKnownFileType = sourcecode.c.h; path = Node.h; sourceTree = "<group>"; };
		A6B35057199CA820009AF950 /* NodeList+Mutable.h */ = {isa = PBXFileReference; fileEncoding = 4; lastKnownFileType = sourcecode.c.h; path = "NodeList+Mutable.h"; sourceTree = "<group>"; };
		A6B35058199CA820009AF950 /* NodeList.h */ = {isa = PBXFileReference; fileEncoding = 4; lastKnownFileType = sourcecode.c.h; path = NodeList.h; sourceTree = "<group>"; };
		A6B35059199CA820009AF950 /* NSCharacterSet+SVGKExtensions.h */ = {isa = PBXFileReference; fileEncoding = 4; lastKnownFileType = sourcecode.c.h; path = "NSCharacterSet+SVGKExtensions.h"; sourceTree = "<group>"; };
		A6B3505A199CA820009AF950 /* ProcessingInstruction.h */ = {isa = PBXFileReference; fileEncoding = 4; lastKnownFileType = sourcecode.c.h; path = ProcessingInstruction.h; sourceTree = "<group>"; };
		A6B3505B199CA820009AF950 /* StyleSheet.h */ = {isa = PBXFileReference; fileEncoding = 4; lastKnownFileType = sourcecode.c.h; path = StyleSheet.h; sourceTree = "<group>"; };
		A6B3505C199CA820009AF950 /* StyleSheetList.h */ = {isa = PBXFileReference; fileEncoding = 4; lastKnownFileType = sourcecode.c.h; path = StyleSheetList.h; sourceTree = "<group>"; };
		A6B3505D199CA820009AF950 /* SVGAngle.h */ = {isa = PBXFileReference; fileEncoding = 4; lastKnownFileType = sourcecode.c.h; path = SVGAngle.h; sourceTree = "<group>"; };
		A6B3505E199CA820009AF950 /* SVGAnimatedPreserveAspectRatio.h */ = {isa = PBXFileReference; fileEncoding = 4; lastKnownFileType = sourcecode.c.h; path = SVGAnimatedPreserveAspectRatio.h; sourceTree = "<group>"; };
		A6B3505F199CA820009AF950 /* SVGCircleElement.h */ = {isa = PBXFileReference; fileEncoding = 4; lastKnownFileType = sourcecode.c.h; path = SVGCircleElement.h; sourceTree = "<group>"; };
		A6B35060199CA820009AF950 /* SVGDefsElement.h */ = {isa = PBXFileReference; fileEncoding = 4; lastKnownFileType = sourcecode.c.h; path = SVGDefsElement.h; sourceTree = "<group>"; };
		A6B35061199CA820009AF950 /* SVGDescriptionElement.h */ = {isa = PBXFileReference; fileEncoding = 4; lastKnownFileType = sourcecode.c.h; path = SVGDescriptionElement.h; sourceTree = "<group>"; };
		A6B35062199CA820009AF950 /* SVGDocument.h */ = {isa = PBXFileReference; fileEncoding = 4; lastKnownFileType = sourcecode.c.h; path = SVGDocument.h; sourceTree = "<group>"; };
		A6B35063199CA820009AF950 /* SVGDocument_Mutable.h */ = {isa = PBXFileReference; fileEncoding = 4; lastKnownFileType = sourcecode.c.h; path = SVGDocument_Mutable.h; sourceTree = "<group>"; };
		A6B35064199CA820009AF950 /* SVGElement.h */ = {isa = PBXFileReference; fileEncoding = 4; lastKnownFileType = sourcecode.c.h; path = SVGElement.h; sourceTree = "<group>"; };
		A6B35065199CA820009AF950 /* SVGElement_ForParser.h */ = {isa = PBXFileReference; fileEncoding = 4; lastKnownFileType = sourcecode.c.h; path = SVGElement_ForParser.h; sourceTree = "<group>"; };
		A6B35066199CA820009AF950 /* SVGElementInstance.h */ = {isa = PBXFileReference; fileEncoding = 4; lastKnownFileType = sourcecode.c.h; path = SVGElementInstance.h; sourceTree = "<group>"; };
		A6B35067199CA820009AF950 /* SVGElementInstance_Mutable.h */ = {isa = PBXFileReference; fileEncoding = 4; lastKnownFileType = sourcecode.c.h; path = SVGElementInstance_Mutable.h; sourceTree = "<group>"; };
		A6B35068199CA820009AF950 /* SVGElementInstanceList.h */ = {isa = PBXFileReference; fileEncoding = 4; lastKnownFileType = sourcecode.c.h; path = SVGElementInstanceList.h; sourceTree = "<group>"; };
		A6B35069199CA820009AF950 /* SVGElementInstanceList_Internal.h */ = {isa = PBXFileReference; fileEncoding = 4; lastKnownFileType = sourcecode.c.h; path = SVGElementInstanceList_Internal.h; sourceTree = "<group>"; };
		A6B3506A199CA820009AF950 /* SVGEllipseElement.h */ = {isa = PBXFileReference; fileEncoding = 4; lastKnownFileType = sourcecode.c.h; path = SVGEllipseElement.h; sourceTree = "<group>"; };
		A6B3506B199CA820009AF950 /* SVGFitToViewBox.h */ = {isa = PBXFileReference; fileEncoding = 4; lastKnownFileType = sourcecode.c.h; path = SVGFitToViewBox.h; sourceTree = "<group>"; };
		A6B3506C199CA820009AF950 /* SVGGElement.h */ = {isa = PBXFileReference; fileEncoding = 4; lastKnownFileType = sourcecode.c.h; path = SVGGElement.h; sourceTree = "<group>"; };
		A6B3506D199CA820009AF950 /* SVGGradientElement.h */ = {isa = PBXFileReference; fileEncoding = 4; lastKnownFileType = sourcecode.c.h; path = SVGGradientElement.h; sourceTree = "<group>"; };
		A6B3506E199CA820009AF950 /* SVGGradientLayer.h */ = {isa = PBXFileReference; fileEncoding = 4; lastKnownFileType = sourcecode.c.h; path = SVGGradientLayer.h; sourceTree = "<group>"; };
		A6B3506F199CA820009AF950 /* SVGGradientStop.h */ = {isa = PBXFileReference; fileEncoding = 4; lastKnownFileType = sourcecode.c.h; path = SVGGradientStop.h; sourceTree = "<group>"; };
		A6B35070199CA820009AF950 /* SVGGroupElement.h */ = {isa = PBXFileReference; fileEncoding = 4; lastKnownFileType = sourcecode.c.h; path = SVGGroupElement.h; sourceTree = "<group>"; };
		A6B35071199CA820009AF950 /* SVGHelperUtilities.h */ = {isa = PBXFileReference; fileEncoding = 4; lastKnownFileType = sourcecode.c.h; path = SVGHelperUtilities.h; sourceTree = "<group>"; };
		A6B35072199CA820009AF950 /* SVGImageElement.h */ = {isa = PBXFileReference; fileEncoding = 4; lastKnownFileType = sourcecode.c.h; path = SVGImageElement.h; sourceTree = "<group>"; };
		A6B35073199CA820009AF950 /* SVGKExporterNSData.h */ = {isa = PBXFileReference; fileEncoding = 4; lastKnownFileType = sourcecode.c.h; path = SVGKExporterNSData.h; sourceTree = "<group>"; };
		A6B35074199CA820009AF950 /* SVGKExporterUIImage.h */ = {isa = PBXFileReference; fileEncoding = 4; lastKnownFileType = sourcecode.c.h; path = SVGKExporterUIImage.h; sourceTree = "<group>"; };
		A6B35075199CA820009AF950 /* SVGKFastImageView.h */ = {isa = PBXFileReference; fileEncoding = 4; lastKnownFileType = sourcecode.c.h; path = SVGKFastImageView.h; sourceTree = "<group>"; };
		A6B35076199CA820009AF950 /* SVGKImage+CGContext.h */ = {isa = PBXFileReference; fileEncoding = 4; lastKnownFileType = sourcecode.c.h; path = "SVGKImage+CGContext.h"; sourceTree = "<group>"; };
		A6B35077199CA820009AF950 /* SVGKImage.h */ = {isa = PBXFileReference; fileEncoding = 4; lastKnownFileType = sourcecode.c.h; path = SVGKImage.h; sourceTree = "<group>"; };
		A6B35078199CA820009AF950 /* SVGKImageView.h */ = {isa = PBXFileReference; fileEncoding = 4; lastKnownFileType = sourcecode.c.h; path = SVGKImageView.h; sourceTree = "<group>"; };
		A6B35079199CA820009AF950 /* SVGKit.h */ = {isa = PBXFileReference; fileEncoding = 4; lastKnownFileType = sourcecode.c.h; path = SVGKit.h; sourceTree = "<group>"; };
		A6B3507A199CA820009AF950 /* SVGKLayer.h */ = {isa = PBXFileReference; fileEncoding = 4; lastKnownFileType = sourcecode.c.h; path = SVGKLayer.h; sourceTree = "<group>"; };
		A6B3507B199CA820009AF950 /* SVGKLayeredImageView.h */ = {isa = PBXFileReference; fileEncoding = 4; lastKnownFileType = sourcecode.c.h; path = SVGKLayeredImageView.h; sourceTree = "<group>"; };
		A6B3507C199CA820009AF950 /* SVGKParser.h */ = {isa = PBXFileReference; fileEncoding = 4; lastKnownFileType = sourcecode.c.h; path = SVGKParser.h; sourceTree = "<group>"; };
		A6B3507D199CA820009AF950 /* SVGKParserDefsAndUse.h */ = {isa = PBXFileReference; fileEncoding = 4; lastKnownFileType = sourcecode.c.h; path = SVGKParserDefsAndUse.h; sourceTree = "<group>"; };
		A6B3507E199CA820009AF950 /* SVGKParserDOM.h */ = {isa = PBXFileReference; fileEncoding = 4; lastKnownFileType = sourcecode.c.h; path = SVGKParserDOM.h; sourceTree = "<group>"; };
		A6B3507F199CA820009AF950 /* SVGKParseResult.h */ = {isa = PBXFileReference; fileEncoding = 4; lastKnownFileType = sourcecode.c.h; path = SVGKParseResult.h; sourceTree = "<group>"; };
		A6B35080199CA820009AF950 /* SVGKParserExtension.h */ = {isa = PBXFileReference; fileEncoding = 4; lastKnownFileType = sourcecode.c.h; path = SVGKParserExtension.h; sourceTree = "<group>"; };
		A6B35081199CA820009AF950 /* SVGKParserGradient.h */ = {isa = PBXFileReference; fileEncoding = 4; lastKnownFileType = sourcecode.c.h; path = SVGKParserGradient.h; sourceTree = "<group>"; };
		A6B35082199CA820009AF950 /* SVGKParserPatternsAndGradients.h */ = {isa = PBXFileReference; fileEncoding = 4; lastKnownFileType = sourcecode.c.h; path = SVGKParserPatternsAndGradients.h; sourceTree = "<group>"; };
		A6B35083199CA820009AF950 /* SVGKParserStyles.h */ = {isa = PBXFileReference; fileEncoding = 4; lastKnownFileType = sourcecode.c.h; path = SVGKParserStyles.h; sourceTree = "<group>"; };
		A6B35084199CA820009AF950 /* SVGKParserSVG.h */ = {isa = PBXFileReference; fileEncoding = 4; lastKnownFileType = sourcecode.c.h; path = SVGKParserSVG.h; sourceTree = "<group>"; };
		A6B35085199CA820009AF950 /* SVGKPattern.h */ = {isa = PBXFileReference; fileEncoding = 4; lastKnownFileType = sourcecode.c.h; path = SVGKPattern.h; sourceTree = "<group>"; };
		A6B35086199CA820009AF950 /* SVGKPointsAndPathsParser.h */ = {isa = PBXFileReference; fileEncoding = 4; lastKnownFileType = sourcecode.c.h; path = SVGKPointsAndPathsParser.h; sourceTree = "<group>"; };
		A6B35087199CA820009AF950 /* SVGKSource.h */ = {isa = PBXFileReference; fileEncoding = 4; lastKnownFileType = sourcecode.c.h; path = SVGKSource.h; sourceTree = "<group>"; };
		A6B35088199CA820009AF950 /* SVGKSourceLocalFile.h */ = {isa = PBXFileReference; fileEncoding = 4; lastKnownFileType = sourcecode.c.h; path = SVGKSourceLocalFile.h; sourceTree = "<group>"; };
		A6B35089199CA820009AF950 /* SVGKSourceString.h */ = {isa = PBXFileReference; fileEncoding = 4; lastKnownFileType = sourcecode.c.h; path = SVGKSourceString.h; sourceTree = "<group>"; };
		A6B3508A199CA820009AF950 /* SVGKSourceURL.h */ = {isa = PBXFileReference; fileEncoding = 4; lastKnownFileType = sourcecode.c.h; path = SVGKSourceURL.h; sourceTree = "<group>"; };
		A6B3508B199CA820009AF950 /* SVGLength.h */ = {isa = PBXFileReference; fileEncoding = 4; lastKnownFileType = sourcecode.c.h; path = SVGLength.h; sourceTree = "<group>"; };
		A6B3508C199CA820009AF950 /* SVGLineElement.h */ = {isa = PBXFileReference; fileEncoding = 4; lastKnownFileType = sourcecode.c.h; path = SVGLineElement.h; sourceTree = "<group>"; };
		A6B3508D199CA820009AF950 /* SVGMatrix.h */ = {isa = PBXFileReference; fileEncoding = 4; lastKnownFileType = sourcecode.c.h; path = SVGMatrix.h; sourceTree = "<group>"; };
		A6B3508E199CA820009AF950 /* SVGNumber.h */ = {isa = PBXFileReference; fileEncoding = 4; lastKnownFileType = sourcecode.c.h; path = SVGNumber.h; sourceTree = "<group>"; };
		A6B3508F199CA820009AF950 /* SVGPathElement.h */ = {isa = PBXFileReference; fileEncoding = 4; lastKnownFileType = sourcecode.c.h; path = SVGPathElement.h; sourceTree = "<group>"; };
		A6B35090199CA820009AF950 /* SVGPoint.h */ = {isa = PBXFileReference; fileEncoding = 4; lastKnownFileType = sourcecode.c.h; path = SVGPoint.h; sourceTree = "<group>"; };
		A6B35091199CA820009AF950 /* SVGPolygonElement.h */ = {isa = PBXFileReference; fileEncoding = 4; lastKnownFileType = sourcecode.c.h; path = SVGPolygonElement.h; sourceTree = "<group>"; };
		A6B35092199CA820009AF950 /* SVGPolylineElement.h */ = {isa = PBXFileReference; fileEncoding = 4; lastKnownFileType = sourcecode.c.h; path = SVGPolylineElement.h; sourceTree = "<group>"; };
		A6B35093199CA820009AF950 /* SVGPreserveAspectRatio.h */ = {isa = PBXFileReference; fileEncoding = 4; lastKnownFileType = sourcecode.c.h; path = SVGPreserveAspectRatio.h; sourceTree = "<group>"; };
		A6B35094199CA820009AF950 /* SVGRect.h */ = {isa = PBXFileReference; fileEncoding = 4; lastKnownFileType = sourcecode.c.h; path = SVGRect.h; sourceTree = "<group>"; };
		A6B35095199CA820009AF950 /* SVGRectElement.h */ = {isa = PBXFileReference; fileEncoding = 4; lastKnownFileType = sourcecode.c.h; path = SVGRectElement.h; sourceTree = "<group>"; };
		A6B35096199CA820009AF950 /* SVGStylable.h */ = {isa = PBXFileReference; fileEncoding = 4; lastKnownFileType = sourcecode.c.h; path = SVGStylable.h; sourceTree = "<group>"; };
		A6B35097199CA820009AF950 /* SVGStyleCatcher.h */ = {isa = PBXFileReference; fileEncoding = 4; lastKnownFileType = sourcecode.c.h; path = SVGStyleCatcher.h; sourceTree = "<group>"; };
		A6B35098199CA820009AF950 /* SVGStyleElement.h */ = {isa = PBXFileReference; fileEncoding = 4; lastKnownFileType = sourcecode.c.h; path = SVGStyleElement.h; sourceTree = "<group>"; };
		A6B35099199CA820009AF950 /* SVGSVGElement.h */ = {isa = PBXFileReference; fileEncoding = 4; lastKnownFileType = sourcecode.c.h; path = SVGSVGElement.h; sourceTree = "<group>"; };
		A6B3509A199CA820009AF950 /* SVGSVGElement_Mutable.h */ = {isa = PBXFileReference; fileEncoding = 4; lastKnownFileType = sourcecode.c.h; path = SVGSVGElement_Mutable.h; sourceTree = "<group>"; };
		A6B3509B199CA820009AF950 /* SVGTextContentElement.h */ = {isa = PBXFileReference; fileEncoding = 4; lastKnownFileType = sourcecode.c.h; path = SVGTextContentElement.h; sourceTree = "<group>"; };
		A6B3509C199CA820009AF950 /* SVGTextElement.h */ = {isa = PBXFileReference; fileEncoding = 4; lastKnownFileType = sourcecode.c.h; path = SVGTextElement.h; sourceTree = "<group>"; };
		A6B3509D199CA820009AF950 /* SVGTextPositioningElement.h */ = {isa = PBXFileReference; fileEncoding = 4; lastKnownFileType = sourcecode.c.h; path = SVGTextPositioningElement.h; sourceTree = "<group>"; };
		A6B3509E199CA820009AF950 /* SVGTextPositioningElement_Mutable.h */ = {isa = PBXFileReference; fileEncoding = 4; lastKnownFileType = sourcecode.c.h; path = SVGTextPositioningElement_Mutable.h; sourceTree = "<group>"; };
		A6B3509F199CA820009AF950 /* SVGTitleElement.h */ = {isa = PBXFileReference; fileEncoding = 4; lastKnownFileType = sourcecode.c.h; path = SVGTitleElement.h; sourceTree = "<group>"; };
		A6B350A0199CA820009AF950 /* SVGTransform.h */ = {isa = PBXFileReference; fileEncoding = 4; lastKnownFileType = sourcecode.c.h; path = SVGTransform.h; sourceTree = "<group>"; };
		A6B350A1199CA820009AF950 /* SVGTransformable.h */ = {isa = PBXFileReference; fileEncoding = 4; lastKnownFileType = sourcecode.c.h; path = SVGTransformable.h; sourceTree = "<group>"; };
		A6B350A2199CA820009AF950 /* SVGUseElement.h */ = {isa = PBXFileReference; fileEncoding = 4; lastKnownFileType = sourcecode.c.h; path = SVGUseElement.h; sourceTree = "<group>"; };
		A6B350A3199CA820009AF950 /* SVGUseElement_Mutable.h */ = {isa = PBXFileReference; fileEncoding = 4; lastKnownFileType = sourcecode.c.h; path = SVGUseElement_Mutable.h; sourceTree = "<group>"; };
		A6B350A4199CA820009AF950 /* SVGUtils.h */ = {isa = PBXFileReference; fileEncoding = 4; lastKnownFileType = sourcecode.c.h; path = SVGUtils.h; sourceTree = "<group>"; };
		A6B350A5199CA820009AF950 /* SVGViewSpec.h */ = {isa = PBXFileReference; fileEncoding = 4; lastKnownFileType = sourcecode.c.h; path = SVGViewSpec.h; sourceTree = "<group>"; };
		A6B350A6199CA820009AF950 /* Text.h */ = {isa = PBXFileReference; fileEncoding = 4; lastKnownFileType = sourcecode.c.h; path = Text.h; sourceTree = "<group>"; };
		A6E02200199CDE9400AB1762 /* WeatherShader.h */ = {isa = PBXFileReference; fileEncoding = 4; lastKnownFileType = sourcecode.c.h; path = WeatherShader.h; sourceTree = "<group>"; };
		A6E02201199CDE9400AB1762 /* WeatherShader.m */ = {isa = PBXFileReference; fileEncoding = 4; lastKnownFileType = sourcecode.c.objc; path = WeatherShader.m; sourceTree = "<group>"; };
		A6E0243219A2285700AB1762 /* BLEDevice.h */ = {isa = PBXFileReference; fileEncoding = 4; lastKnownFileType = sourcecode.c.h; path = BLEDevice.h; sourceTree = "<group>"; };
		A6E0243319A2285700AB1762 /* BLEDevice.m */ = {isa = PBXFileReference; fileEncoding = 4; lastKnownFileType = sourcecode.c.objc; path = BLEDevice.m; sourceTree = "<group>"; };
		A6E0243419A2285700AB1762 /* BLEUtility.h */ = {isa = PBXFileReference; fileEncoding = 4; lastKnownFileType = sourcecode.c.h; path = BLEUtility.h; sourceTree = "<group>"; };
		A6E0243519A2285700AB1762 /* BLEUtility.m */ = {isa = PBXFileReference; fileEncoding = 4; lastKnownFileType = sourcecode.c.objc; path = BLEUtility.m; sourceTree = "<group>"; };
		A6E0243619A2285700AB1762 /* deviceCellTemplate.h */ = {isa = PBXFileReference; fileEncoding = 4; lastKnownFileType = sourcecode.c.h; path = deviceCellTemplate.h; sourceTree = "<group>"; };
		A6E0243719A2285700AB1762 /* deviceCellTemplate.m */ = {isa = PBXFileReference; fileEncoding = 4; lastKnownFileType = sourcecode.c.objc; path = deviceCellTemplate.m; sourceTree = "<group>"; };
		A6E0243819A2285700AB1762 /* Sensors.h */ = {isa = PBXFileReference; fileEncoding = 4; lastKnownFileType = sourcecode.c.h; path = Sensors.h; sourceTree = "<group>"; };
		A6E0243919A2285700AB1762 /* Sensors.m */ = {isa = PBXFileReference; fileEncoding = 4; lastKnownFileType = sourcecode.c.objc; path = Sensors.m; sourceTree = "<group>"; };
		A6E0243F19A2398C00AB1762 /* SensorTag.h */ = {isa = PBXFileReference; fileEncoding = 4; lastKnownFileType = sourcecode.c.h; path = SensorTag.h; sourceTree = "<group>"; };
		A6E0244019A2398C00AB1762 /* SensorTag.m */ = {isa = PBXFileReference; fileEncoding = 4; lastKnownFileType = sourcecode.c.objc; path = SensorTag.m; sourceTree = "<group>"; };
/* End PBXFileReference section */

/* Begin PBXFrameworksBuildPhase section */
		A634C0CB1992407500AD0FEF /* Frameworks */ = {
			isa = PBXFrameworksBuildPhase;
			buildActionMask = 2147483647;
			files = (
				A6B3501E199BDAC3009AF950 /* CoreLocation.framework in Frameworks */,
				A64939BC19AE25C2000A5604 /* WhirlyGlobeMaplyComponent.framework in Frameworks */,
				A6B35022199BDAE8009AF950 /* libsqlite3.dylib in Frameworks */,
				A6B34F7D199B78C0009AF950 /* libxml2.dylib in Frameworks */,
				A6B35020199BDAD1009AF950 /* libz.dylib in Frameworks */,
				A6B3501C199BDABA009AF950 /* libc++.dylib in Frameworks */,
				A6B34F7F199B78C9009AF950 /* QuartzCore.framework in Frameworks */,
				A6B34F7B199B78B2009AF950 /* CoreImage.framework in Frameworks */,
				A6B34F79199B78A6009AF950 /* CoreText.framework in Frameworks */,
				A6B350A7199CA820009AF950 /* libSVGKit-iOS.1.2.0.a in Frameworks */,
				A634C0D41992407500AD0FEF /* CoreGraphics.framework in Frameworks */,
				A634C0D61992407500AD0FEF /* UIKit.framework in Frameworks */,
				A634C0D21992407500AD0FEF /* Foundation.framework in Frameworks */,
			);
			runOnlyForDeploymentPostprocessing = 0;
		};
		A634C0EC1992407500AD0FEF /* Frameworks */ = {
			isa = PBXFrameworksBuildPhase;
			buildActionMask = 2147483647;
			files = (
				A634C0F11992407500AD0FEF /* XCTest.framework in Frameworks */,
				A634C0F31992407500AD0FEF /* UIKit.framework in Frameworks */,
				A634C0F21992407500AD0FEF /* Foundation.framework in Frameworks */,
			);
			runOnlyForDeploymentPostprocessing = 0;
		};
/* End PBXFrameworksBuildPhase section */

/* Begin PBXGroup section */
		A634C0C51992407500AD0FEF = {
			isa = PBXGroup;
			children = (
				A634C0D71992407500AD0FEF /* Myrella */,
				A634C0F61992407500AD0FEF /* MyrellaTests */,
				A634C0D01992407500AD0FEF /* Frameworks */,
				A634C0CF1992407500AD0FEF /* Products */,
			);
			sourceTree = "<group>";
		};
		A634C0CF1992407500AD0FEF /* Products */ = {
			isa = PBXGroup;
			children = (
				A634C0CE1992407500AD0FEF /* Myrella.app */,
				A634C0EF1992407500AD0FEF /* MyrellaTests.xctest */,
			);
			name = Products;
			sourceTree = "<group>";
		};
		A634C0D01992407500AD0FEF /* Frameworks */ = {
			isa = PBXGroup;
			children = (
				A64939BB19AE25C2000A5604 /* WhirlyGlobeMaplyComponent.framework */,
				A6B35026199CA820009AF950 /* libSVGKit-iOS.1.2.0.a */,
				A6B35027199CA820009AF950 /* usr */,
				A6B35021199BDAE8009AF950 /* libsqlite3.dylib */,
				A6B3501F199BDAD0009AF950 /* libz.dylib */,
				A6B3501D199BDAC3009AF950 /* CoreLocation.framework */,
				A6B3501B199BDABA009AF950 /* libc++.dylib */,
				A6B34F7E199B78C9009AF950 /* QuartzCore.framework */,
				A6B34F7C199B78C0009AF950 /* libxml2.dylib */,
				A6B34F7A199B78B2009AF950 /* CoreImage.framework */,
				A6B34F78199B78A6009AF950 /* CoreText.framework */,
				A634C0D11992407500AD0FEF /* Foundation.framework */,
				A634C0D31992407500AD0FEF /* CoreGraphics.framework */,
				A634C0D51992407500AD0FEF /* UIKit.framework */,
				A634C0F01992407500AD0FEF /* XCTest.framework */,
			);
			name = Frameworks;
			sourceTree = "<group>";
		};
		A634C0D71992407500AD0FEF /* Myrella */ = {
			isa = PBXGroup;
			children = (
				A634C0E31992407500AD0FEF /* Main.storyboard */,
				A634C0E01992407500AD0FEF /* AppDelegate.h */,
				A634C0E11992407500AD0FEF /* AppDelegate.m */,
				A634C0E61992407500AD0FEF /* ViewController.h */,
				A634C0E71992407500AD0FEF /* ViewController.m */,
				A634C0E91992407500AD0FEF /* Images.xcassets */,
				A6E0244519A3B60900AB1762 /* Views */,
				A6E0243119A227F500AB1762 /* Logic */,
				A6B34EF3199A6121009AF950 /* ViewControllers */,
				A6B34F81199B841E009AF950 /* SVG */,
				A634C0D81992407500AD0FEF /* Supporting Files */,
				A6E023F7199CDFCA00AB1762 /* resources */,
			);
			path = Myrella;
			sourceTree = "<group>";
		};
		A634C0D81992407500AD0FEF /* Supporting Files */ = {
			isa = PBXGroup;
			children = (
				A634C0D91992407500AD0FEF /* Myrella-Info.plist */,
				A634C0DA1992407500AD0FEF /* InfoPlist.strings */,
				A634C0DD1992407500AD0FEF /* main.m */,
				A634C0DF1992407500AD0FEF /* Myrella-Prefix.pch */,
			);
			name = "Supporting Files";
			sourceTree = "<group>";
		};
		A634C0F61992407500AD0FEF /* MyrellaTests */ = {
			isa = PBXGroup;
			children = (
				A634C0FC1992407500AD0FEF /* MyrellaTests.m */,
				A634C0F71992407500AD0FEF /* Supporting Files */,
			);
			path = MyrellaTests;
			sourceTree = "<group>";
		};
		A634C0F71992407500AD0FEF /* Supporting Files */ = {
			isa = PBXGroup;
			children = (
				A634C0F81992407500AD0FEF /* MyrellaTests-Info.plist */,
				A634C0F91992407500AD0FEF /* InfoPlist.strings */,
			);
			name = "Supporting Files";
			sourceTree = "<group>";
		};
		A6493A1419AF7589000A5604 /* Forecast */ = {
			isa = PBXGroup;
			children = (
				A6493A1119AF7540000A5604 /* ForecastKit.h */,
				A6493A1219AF7540000A5604 /* ForecastKit.m */,
			);
			name = Forecast;
			sourceTree = "<group>";
		};
		A6B34EF3199A6121009AF950 /* ViewControllers */ = {
			isa = PBXGroup;
			children = (
				A6B34EE7199A60D8009AF950 /* PageONEViewController.h */,
				A6B34EE8199A60D8009AF950 /* PageONEViewController.m */,
				A6B34EEA199A60E7009AF950 /* PageTWOViewController.h */,
				A6B34EEB199A60E7009AF950 /* PageTWOViewController.m */,
				A6B34EF0199A6102009AF950 /* PageTHREEViewController.h */,
				A6B34EF1199A6102009AF950 /* PageTHREEViewController.m */,
			);
			name = ViewControllers;
			sourceTree = "<group>";
		};
		A6B34F81199B841E009AF950 /* SVG */ = {
			isa = PBXGroup;
			children = (
				A6B34F82199B841E009AF950 /* settings-button.svg */,
			);
			path = SVG;
			sourceTree = "<group>";
		};
		A6B35027199CA820009AF950 /* usr */ = {
			isa = PBXGroup;
			children = (
				A6B35028199CA820009AF950 /* local */,
			);
			name = usr;
			path = libs/usr;
			sourceTree = "<group>";
		};
		A6B35028199CA820009AF950 /* local */ = {
			isa = PBXGroup;
			children = (
				A6B35029199CA820009AF950 /* include */,
			);
			path = local;
			sourceTree = "<group>";
		};
		A6B35029199CA820009AF950 /* include */ = {
			isa = PBXGroup;
			children = (
				A6B3502A199CA820009AF950 /* AppleSucksDOMImplementation.h */,
				A6B3502B199CA820009AF950 /* Attr.h */,
				A6B3502C199CA820009AF950 /* BaseClassForAllSVGBasicShapes.h */,
				A6B3502D199CA820009AF950 /* BaseClassForAllSVGBasicShapes_ForSubclasses.h */,
				A6B3502E199CA820009AF950 /* CALayer+RecursiveClone.h */,
				A6B3502F199CA820009AF950 /* CALayerExporter.h */,
				A6B35030199CA820009AF950 /* CALayerWithChildHitTest.h */,
				A6B35031199CA820009AF950 /* CAShapeLayerWithHitTest.h */,
				A6B35032199CA820009AF950 /* CDATASection.h */,
				A6B35033199CA820009AF950 /* CGPathAdditions.h */,
				A6B35034199CA820009AF950 /* CharacterData.h */,
				A6B35035199CA820009AF950 /* Comment.h */,
				A6B35036199CA820009AF950 /* ContextFilterLogFormatter.h */,
				A6B35037199CA820009AF950 /* ConverterSVGToCALayer.h */,
				A6B35038199CA820009AF950 /* CSSPrimitiveValue.h */,
				A6B35039199CA820009AF950 /* CSSRule.h */,
				A6B3503A199CA820009AF950 /* CSSRuleList+Mutable.h */,
				A6B3503B199CA820009AF950 /* CSSRuleList.h */,
				A6B3503C199CA820009AF950 /* CSSStyleDeclaration.h */,
				A6B3503D199CA820009AF950 /* CSSStyleRule.h */,
				A6B3503E199CA820009AF950 /* CSSStyleSheet.h */,
				A6B3503F199CA820009AF950 /* CSSValue.h */,
				A6B35040199CA820009AF950 /* CSSValue_ForSubclasses.h */,
				A6B35041199CA820009AF950 /* CSSValueList.h */,
				A6B35042199CA820009AF950 /* DDAbstractDatabaseLogger.h */,
				A6B35043199CA820009AF950 /* DDASLLogger.h */,
				A6B35044199CA820009AF950 /* DDFileLogger.h */,
				A6B35045199CA820009AF950 /* DDLog.h */,
				A6B35046199CA820009AF950 /* DDTTYLogger.h */,
				A6B35047199CA820009AF950 /* DispatchQueueLogFormatter.h */,
				A6B35048199CA820009AF950 /* Document+Mutable.h */,
				A6B35049199CA820009AF950 /* Document.h */,
				A6B3504A199CA820009AF950 /* DocumentCSS.h */,
				A6B3504B199CA820009AF950 /* DocumentFragment.h */,
				A6B3504C199CA820009AF950 /* DocumentStyle.h */,
				A6B3504D199CA820009AF950 /* DocumentType.h */,
				A6B3504E199CA820009AF950 /* DOMGlobalSettings.h */,
				A6B3504F199CA820009AF950 /* DOMHelperUtilities.h */,
				A6B35050199CA820009AF950 /* Element.h */,
				A6B35051199CA820009AF950 /* EntityReference.h */,
				A6B35052199CA820009AF950 /* MediaList.h */,
				A6B35053199CA820009AF950 /* NamedNodeMap.h */,
				A6B35054199CA820009AF950 /* NamedNodeMap_Iterable.h */,
				A6B35055199CA820009AF950 /* Node+Mutable.h */,
				A6B35056199CA820009AF950 /* Node.h */,
				A6B35057199CA820009AF950 /* NodeList+Mutable.h */,
				A6B35058199CA820009AF950 /* NodeList.h */,
				A6B35059199CA820009AF950 /* NSCharacterSet+SVGKExtensions.h */,
				A6B3505A199CA820009AF950 /* ProcessingInstruction.h */,
				A6B3505B199CA820009AF950 /* StyleSheet.h */,
				A6B3505C199CA820009AF950 /* StyleSheetList.h */,
				A6B3505D199CA820009AF950 /* SVGAngle.h */,
				A6B3505E199CA820009AF950 /* SVGAnimatedPreserveAspectRatio.h */,
				A6B3505F199CA820009AF950 /* SVGCircleElement.h */,
				A6B35060199CA820009AF950 /* SVGDefsElement.h */,
				A6B35061199CA820009AF950 /* SVGDescriptionElement.h */,
				A6B35062199CA820009AF950 /* SVGDocument.h */,
				A6B35063199CA820009AF950 /* SVGDocument_Mutable.h */,
				A6B35064199CA820009AF950 /* SVGElement.h */,
				A6B35065199CA820009AF950 /* SVGElement_ForParser.h */,
				A6B35066199CA820009AF950 /* SVGElementInstance.h */,
				A6B35067199CA820009AF950 /* SVGElementInstance_Mutable.h */,
				A6B35068199CA820009AF950 /* SVGElementInstanceList.h */,
				A6B35069199CA820009AF950 /* SVGElementInstanceList_Internal.h */,
				A6B3506A199CA820009AF950 /* SVGEllipseElement.h */,
				A6B3506B199CA820009AF950 /* SVGFitToViewBox.h */,
				A6B3506C199CA820009AF950 /* SVGGElement.h */,
				A6B3506D199CA820009AF950 /* SVGGradientElement.h */,
				A6B3506E199CA820009AF950 /* SVGGradientLayer.h */,
				A6B3506F199CA820009AF950 /* SVGGradientStop.h */,
				A6B35070199CA820009AF950 /* SVGGroupElement.h */,
				A6B35071199CA820009AF950 /* SVGHelperUtilities.h */,
				A6B35072199CA820009AF950 /* SVGImageElement.h */,
				A6B35073199CA820009AF950 /* SVGKExporterNSData.h */,
				A6B35074199CA820009AF950 /* SVGKExporterUIImage.h */,
				A6B35075199CA820009AF950 /* SVGKFastImageView.h */,
				A6B35076199CA820009AF950 /* SVGKImage+CGContext.h */,
				A6B35077199CA820009AF950 /* SVGKImage.h */,
				A6B35078199CA820009AF950 /* SVGKImageView.h */,
				A6B35079199CA820009AF950 /* SVGKit.h */,
				A6B3507A199CA820009AF950 /* SVGKLayer.h */,
				A6B3507B199CA820009AF950 /* SVGKLayeredImageView.h */,
				A6B3507C199CA820009AF950 /* SVGKParser.h */,
				A6B3507D199CA820009AF950 /* SVGKParserDefsAndUse.h */,
				A6B3507E199CA820009AF950 /* SVGKParserDOM.h */,
				A6B3507F199CA820009AF950 /* SVGKParseResult.h */,
				A6B35080199CA820009AF950 /* SVGKParserExtension.h */,
				A6B35081199CA820009AF950 /* SVGKParserGradient.h */,
				A6B35082199CA820009AF950 /* SVGKParserPatternsAndGradients.h */,
				A6B35083199CA820009AF950 /* SVGKParserStyles.h */,
				A6B35084199CA820009AF950 /* SVGKParserSVG.h */,
				A6B35085199CA820009AF950 /* SVGKPattern.h */,
				A6B35086199CA820009AF950 /* SVGKPointsAndPathsParser.h */,
				A6B35087199CA820009AF950 /* SVGKSource.h */,
				A6B35088199CA820009AF950 /* SVGKSourceLocalFile.h */,
				A6B35089199CA820009AF950 /* SVGKSourceString.h */,
				A6B3508A199CA820009AF950 /* SVGKSourceURL.h */,
				A6B3508B199CA820009AF950 /* SVGLength.h */,
				A6B3508C199CA820009AF950 /* SVGLineElement.h */,
				A6B3508D199CA820009AF950 /* SVGMatrix.h */,
				A6B3508E199CA820009AF950 /* SVGNumber.h */,
				A6B3508F199CA820009AF950 /* SVGPathElement.h */,
				A6B35090199CA820009AF950 /* SVGPoint.h */,
				A6B35091199CA820009AF950 /* SVGPolygonElement.h */,
				A6B35092199CA820009AF950 /* SVGPolylineElement.h */,
				A6B35093199CA820009AF950 /* SVGPreserveAspectRatio.h */,
				A6B35094199CA820009AF950 /* SVGRect.h */,
				A6B35095199CA820009AF950 /* SVGRectElement.h */,
				A6B35096199CA820009AF950 /* SVGStylable.h */,
				A6B35097199CA820009AF950 /* SVGStyleCatcher.h */,
				A6B35098199CA820009AF950 /* SVGStyleElement.h */,
				A6B35099199CA820009AF950 /* SVGSVGElement.h */,
				A6B3509A199CA820009AF950 /* SVGSVGElement_Mutable.h */,
				A6B3509B199CA820009AF950 /* SVGTextContentElement.h */,
				A6B3509C199CA820009AF950 /* SVGTextElement.h */,
				A6B3509D199CA820009AF950 /* SVGTextPositioningElement.h */,
				A6B3509E199CA820009AF950 /* SVGTextPositioningElement_Mutable.h */,
				A6B3509F199CA820009AF950 /* SVGTitleElement.h */,
				A6B350A0199CA820009AF950 /* SVGTransform.h */,
				A6B350A1199CA820009AF950 /* SVGTransformable.h */,
				A6B350A2199CA820009AF950 /* SVGUseElement.h */,
				A6B350A3199CA820009AF950 /* SVGUseElement_Mutable.h */,
				A6B350A4199CA820009AF950 /* SVGUtils.h */,
				A6B350A5199CA820009AF950 /* SVGViewSpec.h */,
				A6B350A6199CA820009AF950 /* Text.h */,
			);
			path = include;
			sourceTree = "<group>";
		};
		A6E023F7199CDFCA00AB1762 /* resources */ = {
			isa = PBXGroup;
			children = (
			);
			name = resources;
			sourceTree = "<group>";
		};
		A6E0243119A227F500AB1762 /* Logic */ = {
			isa = PBXGroup;
			children = (
				A6493A1419AF7589000A5604 /* Forecast */,
				A6E0243E19A2396000AB1762 /* SensorTag */,
				A6E02200199CDE9400AB1762 /* WeatherShader.h */,
				A6E02201199CDE9400AB1762 /* WeatherShader.m */,
			);
			name = Logic;
			sourceTree = "<group>";
		};
		A6E0243E19A2396000AB1762 /* SensorTag */ = {
			isa = PBXGroup;
			children = (
				A6E0243219A2285700AB1762 /* BLEDevice.h */,
				A6E0243319A2285700AB1762 /* BLEDevice.m */,
				A6E0243419A2285700AB1762 /* BLEUtility.h */,
				A6E0243519A2285700AB1762 /* BLEUtility.m */,
				A6E0243819A2285700AB1762 /* Sensors.h */,
				A6E0243919A2285700AB1762 /* Sensors.m */,
				A6E0243F19A2398C00AB1762 /* SensorTag.h */,
				A6E0244019A2398C00AB1762 /* SensorTag.m */,
			);
			name = SensorTag;
			sourceTree = "<group>";
		};
		A6E0244519A3B60900AB1762 /* Views */ = {
			isa = PBXGroup;
			children = (
				A6AA415019B9E62300EEF9B2 /* GraphView.h */,
				A6AA415119B9E62300EEF9B2 /* GraphView.m */,
				A6E0243619A2285700AB1762 /* deviceCellTemplate.h */,
				A6E0243719A2285700AB1762 /* deviceCellTemplate.m */,
				A6B34EED199A60F4009AF950 /* SensorTableView.h */,
				A6B34EEE199A60F4009AF950 /* SensorTableView.m */,
				A6493A1519AFB108000A5604 /* ScreenONETempCircle.h */,
				A6493A1619AFB108000A5604 /* ScreenONETempCircle.m */,
				A6493A1819B09E25000A5604 /* ScreenONEGraph.h */,
				A6493A1919B09E25000A5604 /* ScreenONEGraph.m */,
				A6493A1B19B1DF40000A5604 /* ScreenTHREESignal.h */,
				A6493A1C19B1DF40000A5604 /* ScreenTHREESignal.m */,
				A6316D7B19B21C43009B757D /* ScreenTHREEDottedCircle.h */,
				A6316D7C19B21C43009B757D /* ScreenTHREEDottedCircle.m */,
			);
			name = Views;
			sourceTree = "<group>";
		};
/* End PBXGroup section */

/* Begin PBXNativeTarget section */
		A634C0CD1992407500AD0FEF /* Myrella */ = {
			isa = PBXNativeTarget;
			buildConfigurationList = A634C1001992407500AD0FEF /* Build configuration list for PBXNativeTarget "Myrella" */;
			buildPhases = (
				A634C0CA1992407500AD0FEF /* Sources */,
				A634C0CB1992407500AD0FEF /* Frameworks */,
				A634C0CC1992407500AD0FEF /* Resources */,
			);
			buildRules = (
			);
			dependencies = (
			);
			name = Myrella;
			productName = Myrella;
			productReference = A634C0CE1992407500AD0FEF /* Myrella.app */;
			productType = "com.apple.product-type.application";
		};
		A634C0EE1992407500AD0FEF /* MyrellaTests */ = {
			isa = PBXNativeTarget;
			buildConfigurationList = A634C1031992407500AD0FEF /* Build configuration list for PBXNativeTarget "MyrellaTests" */;
			buildPhases = (
				A634C0EB1992407500AD0FEF /* Sources */,
				A634C0EC1992407500AD0FEF /* Frameworks */,
				A634C0ED1992407500AD0FEF /* Resources */,
			);
			buildRules = (
			);
			dependencies = (
				A634C0F51992407500AD0FEF /* PBXTargetDependency */,
			);
			name = MyrellaTests;
			productName = MyrellaTests;
			productReference = A634C0EF1992407500AD0FEF /* MyrellaTests.xctest */;
			productType = "com.apple.product-type.bundle.unit-test";
		};
/* End PBXNativeTarget section */

/* Begin PBXProject section */
		A634C0C61992407500AD0FEF /* Project object */ = {
			isa = PBXProject;
			attributes = {
				LastUpgradeCheck = 0510;
				ORGANIZATIONNAME = edu;
				TargetAttributes = {
					A634C0CD1992407500AD0FEF = {
						DevelopmentTeam = J8978KGJ83;
						SystemCapabilities = {
							com.apple.BackgroundModes = {
								enabled = 1;
							};
						};
					};
					A634C0EE1992407500AD0FEF = {
						TestTargetID = A634C0CD1992407500AD0FEF;
					};
				};
			};
			buildConfigurationList = A634C0C91992407500AD0FEF /* Build configuration list for PBXProject "Myrella" */;
			compatibilityVersion = "Xcode 3.2";
			developmentRegion = English;
			hasScannedForEncodings = 0;
			knownRegions = (
				en,
				Base,
			);
			mainGroup = A634C0C51992407500AD0FEF;
			productRefGroup = A634C0CF1992407500AD0FEF /* Products */;
			projectDirPath = "";
			projectRoot = "";
			targets = (
				A634C0CD1992407500AD0FEF /* Myrella */,
				A634C0EE1992407500AD0FEF /* MyrellaTests */,
			);
		};
/* End PBXProject section */

/* Begin PBXResourcesBuildPhase section */
		A634C0CC1992407500AD0FEF /* Resources */ = {
			isa = PBXResourcesBuildPhase;
			buildActionMask = 2147483647;
			files = (
				A634C0EA1992407500AD0FEF /* Images.xcassets in Resources */,
				A634C0DC1992407500AD0FEF /* InfoPlist.strings in Resources */,
				A634C0E51992407500AD0FEF /* Main.storyboard in Resources */,
				A6B34F83199B841E009AF950 /* settings-button.svg in Resources */,
			);
			runOnlyForDeploymentPostprocessing = 0;
		};
		A634C0ED1992407500AD0FEF /* Resources */ = {
			isa = PBXResourcesBuildPhase;
			buildActionMask = 2147483647;
			files = (
				A634C0FB1992407500AD0FEF /* InfoPlist.strings in Resources */,
			);
			runOnlyForDeploymentPostprocessing = 0;
		};
/* End PBXResourcesBuildPhase section */

/* Begin PBXSourcesBuildPhase section */
		A634C0CA1992407500AD0FEF /* Sources */ = {
			isa = PBXSourcesBuildPhase;
			buildActionMask = 2147483647;
			files = (
				A6AA415219B9E62300EEF9B2 /* GraphView.m in Sources */,
				A6E0243B19A2285700AB1762 /* BLEUtility.m in Sources */,
				A6B34EEC199A60E7009AF950 /* PageTWOViewController.m in Sources */,
				A634C0E81992407500AD0FEF /* ViewController.m in Sources */,
				A6B34EF2199A6102009AF950 /* PageTHREEViewController.m in Sources */,
				A6E0244119A2398C00AB1762 /* SensorTag.m in Sources */,
				A6E02203199CDE9400AB1762 /* WeatherShader.m in Sources */,
				A6E0243A19A2285700AB1762 /* BLEDevice.m in Sources */,
				A6493A1D19B1DF40000A5604 /* ScreenTHREESignal.m in Sources */,
				A6493A1319AF7540000A5604 /* ForecastKit.m in Sources */,
				A6E0243D19A2285700AB1762 /* Sensors.m in Sources */,
				A6316D7D19B21C43009B757D /* ScreenTHREEDottedCircle.m in Sources */,
				A6B34EE9199A60D8009AF950 /* PageONEViewController.m in Sources */,
				A634C0E21992407500AD0FEF /* AppDelegate.m in Sources */,
				A6B34EEF199A60F4009AF950 /* SensorTableView.m in Sources */,
				A634C0DE1992407500AD0FEF /* main.m in Sources */,
				A6E0243C19A2285700AB1762 /* deviceCellTemplate.m in Sources */,
				A6493A1719AFB108000A5604 /* ScreenONETempCircle.m in Sources */,
				A6493A1A19B09E25000A5604 /* ScreenONEGraph.m in Sources */,
			);
			runOnlyForDeploymentPostprocessing = 0;
		};
		A634C0EB1992407500AD0FEF /* Sources */ = {
			isa = PBXSourcesBuildPhase;
			buildActionMask = 2147483647;
			files = (
				A634C0FD1992407500AD0FEF /* MyrellaTests.m in Sources */,
			);
			runOnlyForDeploymentPostprocessing = 0;
		};
/* End PBXSourcesBuildPhase section */

/* Begin PBXTargetDependency section */
		A634C0F51992407500AD0FEF /* PBXTargetDependency */ = {
			isa = PBXTargetDependency;
			target = A634C0CD1992407500AD0FEF /* Myrella */;
			targetProxy = A634C0F41992407500AD0FEF /* PBXContainerItemProxy */;
		};
/* End PBXTargetDependency section */

/* Begin PBXVariantGroup section */
		A634C0DA1992407500AD0FEF /* InfoPlist.strings */ = {
			isa = PBXVariantGroup;
			children = (
				A634C0DB1992407500AD0FEF /* en */,
			);
			name = InfoPlist.strings;
			sourceTree = "<group>";
		};
		A634C0E31992407500AD0FEF /* Main.storyboard */ = {
			isa = PBXVariantGroup;
			children = (
				A634C0E41992407500AD0FEF /* Base */,
			);
			name = Main.storyboard;
			sourceTree = "<group>";
		};
		A634C0F91992407500AD0FEF /* InfoPlist.strings */ = {
			isa = PBXVariantGroup;
			children = (
				A634C0FA1992407500AD0FEF /* en */,
			);
			name = InfoPlist.strings;
			sourceTree = "<group>";
		};
/* End PBXVariantGroup section */

/* Begin XCBuildConfiguration section */
		A634C0FE1992407500AD0FEF /* Debug */ = {
			isa = XCBuildConfiguration;
			buildSettings = {
				ALWAYS_SEARCH_USER_PATHS = NO;
				CLANG_CXX_LANGUAGE_STANDARD = "gnu++0x";
				CLANG_CXX_LIBRARY = "libc++";
				CLANG_ENABLE_MODULES = YES;
				CLANG_ENABLE_OBJC_ARC = YES;
				CLANG_WARN_BOOL_CONVERSION = YES;
				CLANG_WARN_CONSTANT_CONVERSION = YES;
				CLANG_WARN_DIRECT_OBJC_ISA_USAGE = YES_ERROR;
				CLANG_WARN_EMPTY_BODY = YES;
				CLANG_WARN_ENUM_CONVERSION = YES;
				CLANG_WARN_INT_CONVERSION = YES;
				CLANG_WARN_OBJC_ROOT_CLASS = YES_ERROR;
				CLANG_WARN__DUPLICATE_METHOD_MATCH = YES;
				"CODE_SIGN_IDENTITY[sdk=iphoneos*]" = "iPhone Developer";
				COPY_PHASE_STRIP = NO;
				GCC_C_LANGUAGE_STANDARD = gnu99;
				GCC_DYNAMIC_NO_PIC = NO;
				GCC_OPTIMIZATION_LEVEL = 0;
				GCC_PREPROCESSOR_DEFINITIONS = (
					"DEBUG=1",
					"$(inherited)",
				);
				GCC_SYMBOLS_PRIVATE_EXTERN = NO;
				GCC_WARN_64_TO_32_BIT_CONVERSION = YES;
				GCC_WARN_ABOUT_RETURN_TYPE = YES_ERROR;
				GCC_WARN_UNDECLARED_SELECTOR = YES;
				GCC_WARN_UNINITIALIZED_AUTOS = YES_AGGRESSIVE;
				GCC_WARN_UNUSED_FUNCTION = YES;
				GCC_WARN_UNUSED_VARIABLE = YES;
				IPHONEOS_DEPLOYMENT_TARGET = 7.1;
				ONLY_ACTIVE_ARCH = YES;
				SDKROOT = iphoneos;
			};
			name = Debug;
		};
		A634C0FF1992407500AD0FEF /* Release */ = {
			isa = XCBuildConfiguration;
			buildSettings = {
				ALWAYS_SEARCH_USER_PATHS = NO;
				CLANG_CXX_LANGUAGE_STANDARD = "gnu++0x";
				CLANG_CXX_LIBRARY = "libc++";
				CLANG_ENABLE_MODULES = YES;
				CLANG_ENABLE_OBJC_ARC = YES;
				CLANG_WARN_BOOL_CONVERSION = YES;
				CLANG_WARN_CONSTANT_CONVERSION = YES;
				CLANG_WARN_DIRECT_OBJC_ISA_USAGE = YES_ERROR;
				CLANG_WARN_EMPTY_BODY = YES;
				CLANG_WARN_ENUM_CONVERSION = YES;
				CLANG_WARN_INT_CONVERSION = YES;
				CLANG_WARN_OBJC_ROOT_CLASS = YES_ERROR;
				CLANG_WARN__DUPLICATE_METHOD_MATCH = YES;
				"CODE_SIGN_IDENTITY[sdk=iphoneos*]" = "iPhone Developer";
				COPY_PHASE_STRIP = YES;
				ENABLE_NS_ASSERTIONS = NO;
				GCC_C_LANGUAGE_STANDARD = gnu99;
				GCC_WARN_64_TO_32_BIT_CONVERSION = YES;
				GCC_WARN_ABOUT_RETURN_TYPE = YES_ERROR;
				GCC_WARN_UNDECLARED_SELECTOR = YES;
				GCC_WARN_UNINITIALIZED_AUTOS = YES_AGGRESSIVE;
				GCC_WARN_UNUSED_FUNCTION = YES;
				GCC_WARN_UNUSED_VARIABLE = YES;
				IPHONEOS_DEPLOYMENT_TARGET = 7.1;
				SDKROOT = iphoneos;
				VALIDATE_PRODUCT = YES;
			};
			name = Release;
		};
		A634C1011992407500AD0FEF /* Debug */ = {
			isa = XCBuildConfiguration;
			buildSettings = {
				ASSETCATALOG_COMPILER_APPICON_NAME = AppIcon;
				ASSETCATALOG_COMPILER_LAUNCHIMAGE_NAME = LaunchImage;
				CODE_SIGN_IDENTITY = "iPhone Developer";
				FRAMEWORK_SEARCH_PATHS = (
					"$(inherited)",
					"$(PROJECT_DIR)/libs",
				);
				GCC_PRECOMPILE_PREFIX_HEADER = YES;
				GCC_PREFIX_HEADER = "Myrella/Myrella-Prefix.pch";
				HEADER_SEARCH_PATHS = (
					"$(inherited)",
					/Applications/Xcode.app/Contents/Developer/Toolchains/XcodeDefault.xctoolchain/usr/include,
					"$(SRCROOT)/libs/WhirlyGlobeMaplyComponent.framework/Headers",
					"$(SRCROOT)/libs/AFNetworking",
				);
				INFOPLIST_FILE = "Myrella/Myrella-Info.plist";
				LIBRARY_SEARCH_PATHS = (
					"$(inherited)",
					"$(PROJECT_DIR)",
					"$(PROJECT_DIR)/libs",
				);
				OTHER_LDFLAGS = "-ObjC";
				PRODUCT_NAME = "$(TARGET_NAME)";
				WRAPPER_EXTENSION = app;
			};
			name = Debug;
		};
		A634C1021992407500AD0FEF /* Release */ = {
			isa = XCBuildConfiguration;
			buildSettings = {
				ASSETCATALOG_COMPILER_APPICON_NAME = AppIcon;
				ASSETCATALOG_COMPILER_LAUNCHIMAGE_NAME = LaunchImage;
				CODE_SIGN_IDENTITY = "iPhone Developer";
				FRAMEWORK_SEARCH_PATHS = (
					"$(inherited)",
					"$(PROJECT_DIR)/libs",
				);
				GCC_PRECOMPILE_PREFIX_HEADER = YES;
				GCC_PREFIX_HEADER = "Myrella/Myrella-Prefix.pch";
				HEADER_SEARCH_PATHS = (
					"$(inherited)",
					/Applications/Xcode.app/Contents/Developer/Toolchains/XcodeDefault.xctoolchain/usr/include,
					"$(SRCROOT)/libs/WhirlyGlobeMaplyComponent.framework/Headers",
					"$(SRCROOT)/libs/AFNetworking",
				);
				INFOPLIST_FILE = "Myrella/Myrella-Info.plist";
				LIBRARY_SEARCH_PATHS = (
					"$(inherited)",
					"$(PROJECT_DIR)",
					"$(PROJECT_DIR)/libs",
				);
				OTHER_LDFLAGS = "-ObjC";
				PRODUCT_NAME = "$(TARGET_NAME)";
				WRAPPER_EXTENSION = app;
			};
			name = Release;
		};
		A634C1041992407500AD0FEF /* Debug */ = {
			isa = XCBuildConfiguration;
			buildSettings = {
				BUNDLE_LOADER = "$(BUILT_PRODUCTS_DIR)/Myrella.app/Myrella";
				FRAMEWORK_SEARCH_PATHS = (
					"$(SDKROOT)/Developer/Library/Frameworks",
					"$(inherited)",
					"$(DEVELOPER_FRAMEWORKS_DIR)",
				);
				GCC_PRECOMPILE_PREFIX_HEADER = YES;
				GCC_PREFIX_HEADER = "Myrella/Myrella-Prefix.pch";
				GCC_PREPROCESSOR_DEFINITIONS = (
					"DEBUG=1",
					"$(inherited)",
				);
				INFOPLIST_FILE = "MyrellaTests/MyrellaTests-Info.plist";
				PRODUCT_NAME = "$(TARGET_NAME)";
				TEST_HOST = "$(BUNDLE_LOADER)";
				WRAPPER_EXTENSION = xctest;
			};
			name = Debug;
		};
		A634C1051992407500AD0FEF /* Release */ = {
			isa = XCBuildConfiguration;
			buildSettings = {
				BUNDLE_LOADER = "$(BUILT_PRODUCTS_DIR)/Myrella.app/Myrella";
				FRAMEWORK_SEARCH_PATHS = (
					"$(SDKROOT)/Developer/Library/Frameworks",
					"$(inherited)",
					"$(DEVELOPER_FRAMEWORKS_DIR)",
				);
				GCC_PRECOMPILE_PREFIX_HEADER = YES;
				GCC_PREFIX_HEADER = "Myrella/Myrella-Prefix.pch";
				INFOPLIST_FILE = "MyrellaTests/MyrellaTests-Info.plist";
				PRODUCT_NAME = "$(TARGET_NAME)";
				TEST_HOST = "$(BUNDLE_LOADER)";
				WRAPPER_EXTENSION = xctest;
			};
			name = Release;
		};
/* End XCBuildConfiguration section */

/* Begin XCConfigurationList section */
		A634C0C91992407500AD0FEF /* Build configuration list for PBXProject "Myrella" */ = {
			isa = XCConfigurationList;
			buildConfigurations = (
				A634C0FE1992407500AD0FEF /* Debug */,
				A634C0FF1992407500AD0FEF /* Release */,
			);
			defaultConfigurationIsVisible = 0;
			defaultConfigurationName = Release;
		};
		A634C1001992407500AD0FEF /* Build configuration list for PBXNativeTarget "Myrella" */ = {
			isa = XCConfigurationList;
			buildConfigurations = (
				A634C1011992407500AD0FEF /* Debug */,
				A634C1021992407500AD0FEF /* Release */,
			);
			defaultConfigurationIsVisible = 0;
			defaultConfigurationName = Release;
		};
		A634C1031992407500AD0FEF /* Build configuration list for PBXNativeTarget "MyrellaTests" */ = {
			isa = XCConfigurationList;
			buildConfigurations = (
				A634C1041992407500AD0FEF /* Debug */,
				A634C1051992407500AD0FEF /* Release */,
			);
			defaultConfigurationIsVisible = 0;
			defaultConfigurationName = Release;
		};
/* End XCConfigurationList section */
	};
	rootObject = A634C0C61992407500AD0FEF /* Project object */;
}
